
Microsoft Visual Studio Solution File, Format Version 12.00
# Visual Studio Version 16
VisualStudioVersion = 16.0.30330.147
MinimumVisualStudioVersion = 10.0.40219.1
Project("{8BC9CEB8-8B4A-11D0-8D11-00A0C91BC942}") = "week1-1", "week1-1\week1-1.vcxproj", "{E7DEC208-23BD-484E-A205-3F815702D48B}"
EndProject
Global
	GlobalSection(SolutionConfigurationPlatforms) = preSolution
		Debug|x64 = Debug|x64
		Debug|x86 = Debug|x86
		Release|x64 = Release|x64
		Release|x86 = Release|x86
	EndGlobalSection
	GlobalSection(ProjectConfigurationPlatforms) = postSolution
		{E7DEC208-23BD-484E-A205-3F815702D48B}.Debug|x64.ActiveCfg = Debug|x64
		{E7DEC208-23BD-484E-A205-3F815702D48B}.Debug|x64.Build.0 = Debug|x64
		{E7DEC208-23BD-484E-A205-3F815702D48B}.Debug|x86.ActiveCfg = Debug|Win32
		{E7DEC208-23BD-484E-A205-3F815702D48B}.Debug|x86.Build.0 = Debug|Win32
		{E7DEC208-23BD-484E-A205-3F815702D48B}.Release|x64.ActiveCfg = Release|x64
		{E7DEC208-23BD-484E-A205-3F815702D48B}.Release|x64.Build.0 = Release|x64
		{E7DEC208-23BD-484E-A205-3F815702D48B}.Release|x86.ActiveCfg = Release|Win32
		{E7DEC208-23BD-484E-A205-3F815702D48B}.Release|x86.Build.0 = Release|Win32
	EndGlobalSection
	GlobalSection(SolutionProperties) = preSolution
		HideSolutionNode = FALSE
	EndGlobalSection
	GlobalSection(ExtensibilityGlobals) = postSolution
		SolutionGuid = {D649681D-73E3-4B07-A169-EE78005C584E}
	EndGlobalSection
EndGlobal
